
Microsoft Visual Studio Solution File, Format Version 12.00
# Visual Studio Version 16
VisualStudioVersion = 16.0.28531.58
MinimumVisualStudioVersion = 10.0.40219.1
Project("{151D2E53-A2C4-4D7D-83FE-D05416EBD58E}") = "azpowershell", "azpowershell\azpowershell.deployproj", "{9059C9C2-E3CF-4444-8AEA-91D76981AC92}"
EndProject
Global
	GlobalSection(SolutionConfigurationPlatforms) = preSolution
		Debug|Any CPU = Debug|Any CPU
		Release|Any CPU = Release|Any CPU
	EndGlobalSection
	GlobalSection(ProjectConfigurationPlatforms) = postSolution
		{9059C9C2-E3CF-4444-8AEA-91D76981AC92}.Debug|Any CPU.ActiveCfg = Debug|Any CPU
		{9059C9C2-E3CF-4444-8AEA-91D76981AC92}.Debug|Any CPU.Build.0 = Debug|Any CPU
		{9059C9C2-E3CF-4444-8AEA-91D76981AC92}.Release|Any CPU.ActiveCfg = Release|Any CPU
		{9059C9C2-E3CF-4444-8AEA-91D76981AC92}.Release|Any CPU.Build.0 = Release|Any CPU
	EndGlobalSection
	GlobalSection(SolutionProperties) = preSolution
		HideSolutionNode = FALSE
	EndGlobalSection
	GlobalSection(ExtensibilityGlobals) = postSolution
		SolutionGuid = {A7DBA0BE-C571-4715-9616-DA242A647550}
	EndGlobalSection
EndGlobal
